
Microsoft Visual Studio Solution File, Format Version 12.00
# Visual Studio Version 17
VisualStudioVersion = 17.2.32602.215
MinimumVisualStudioVersion = 10.0.40219.1
Project("{FAE04EC0-301F-11D3-BF4B-00C04F79EFBC}") = "Programa 1", "Programa 1\Programa 1.csproj", "{47A371C3-A8CA-4815-A463-9041B5D767D4}"
EndProject
Project("{FAE04EC0-301F-11D3-BF4B-00C04F79EFBC}") = "Textbox para cadenas", "Textbox para cadenas\Textbox para cadenas.csproj", "{871B024D-1692-411C-9EBF-B379869EA9E3}"
EndProject
Project("{FAE04EC0-301F-11D3-BF4B-00C04F79EFBC}") = "Textbox para numeros", "Textbox para numeros\Textbox para numeros.csproj", "{5B8E6820-0DEF-49F8-9243-B78E9A27CD0E}"
EndProject
Project("{FAE04EC0-301F-11D3-BF4B-00C04F79EFBC}") = "CheckBox y MessageBox", "CheckBox y MessageBox\CheckBox y MessageBox.csproj", "{3E86442A-E7EB-4FE3-B94B-60E3D42624D9}"
EndProject
Project("{FAE04EC0-301F-11D3-BF4B-00C04F79EFBC}") = "Radiobutton y Groupbox", "Radiobutton y Groupbox\Radiobutton y Groupbox.csproj", "{03F0F068-11FE-4A94-949F-76FB2573C2E7}"
EndProject
Project("{FAE04EC0-301F-11D3-BF4B-00C04F79EFBC}") = "Message Box", "Message Box\Message Box.csproj", "{BAF36787-881E-4690-86FA-1031BAF8412E}"
EndProject
Project("{FAE04EC0-301F-11D3-BF4B-00C04F79EFBC}") = "Multiples Forms", "Multiples Forms\Multiples Forms.csproj", "{BD231BBE-C09C-4BC8-AD4A-51B0DB1CDFB4}"
EndProject
Project("{FAE04EC0-301F-11D3-BF4B-00C04F79EFBC}") = "Comunicacion entre formularios", "Comunicacion entre formularios\Comunicacion entre formularios.csproj", "{7D4E10ED-AFD8-49E0-8025-EC31912C467F}"
EndProject
Project("{FAE04EC0-301F-11D3-BF4B-00C04F79EFBC}") = "Practica 1", "Practica 1\Practica 1.csproj", "{6A29C8DB-7D1D-48C9-BD70-FF5331A44ED6}"
EndProject
Project("{FAE04EC0-301F-11D3-BF4B-00C04F79EFBC}") = "Cominucacion entre formas 2", "Cominucacion entre formas 2\Cominucacion entre formas 2.csproj", "{2AA15FF3-1FFB-4F2E-9616-A83EA18522E0}"
EndProject
Project("{FAE04EC0-301F-11D3-BF4B-00C04F79EFBC}") = "Menu", "Menu\Menu.csproj", "{58CB8B8A-F15F-4B33-BC98-DF972FB09056}"
EndProject
Project("{FAE04EC0-301F-11D3-BF4B-00C04F79EFBC}") = "ToolStripContainer Uso", "ToolStripContainer Uso\ToolStripContainer Uso.csproj", "{3E707BBE-DF39-4CA4-8951-735D7CACE6E0}"
EndProject
Project("{FAE04EC0-301F-11D3-BF4B-00C04F79EFBC}") = "Herramienta timer", "Herramienta timer\Herramienta timer.csproj", "{4D4B77B7-7BED-4C9F-A801-AB0D050F4DD8}"
EndProject
Project("{FAE04EC0-301F-11D3-BF4B-00C04F79EFBC}") = "Herramienta CheckedListBox", "Herramienta CheckedListBox\Herramienta CheckedListBox.csproj", "{266950C8-1B70-43FD-AE93-1CE8287BEDF4}"
EndProject
Project("{FAE04EC0-301F-11D3-BF4B-00C04F79EFBC}") = "Herramienta Combobox", "Herramienta Combobox\Herramienta Combobox.csproj", "{BAD856CF-F36E-4072-9C68-DFCF47A4EABE}"
EndProject
Project("{FAE04EC0-301F-11D3-BF4B-00C04F79EFBC}") = "Herramienta DataGridView", "Herramienta DataGridView\Herramienta DataGridView.csproj", "{5FA93AFF-2189-4A96-BF13-A75DC126DD11}"
EndProject
Project("{FAE04EC0-301F-11D3-BF4B-00C04F79EFBC}") = "Herramienta DomainUpDown", "Herramienta DomainUpDown\Herramienta DomainUpDown.csproj", "{D63C9F25-F716-4CCB-A4EC-69C2D2EFF733}"
EndProject
Project("{FAE04EC0-301F-11D3-BF4B-00C04F79EFBC}") = "Herramienta Listbox", "Herramienta Listbox\Herramienta Listbox.csproj", "{C96FF282-6964-46F4-9654-62F410F22E78}"
EndProject
Project("{FAE04EC0-301F-11D3-BF4B-00C04F79EFBC}") = "Herramienta PictureBox", "Herramienta PictureBox\Herramienta PictureBox.csproj", "{01FDF657-C856-4BE1-AA31-C3E1C7FE6F62}"
EndProject
Global
	GlobalSection(SolutionConfigurationPlatforms) = preSolution
		Debug|Any CPU = Debug|Any CPU
		Release|Any CPU = Release|Any CPU
	EndGlobalSection
	GlobalSection(ProjectConfigurationPlatforms) = postSolution
		{47A371C3-A8CA-4815-A463-9041B5D767D4}.Debug|Any CPU.ActiveCfg = Debug|Any CPU
		{47A371C3-A8CA-4815-A463-9041B5D767D4}.Debug|Any CPU.Build.0 = Debug|Any CPU
		{47A371C3-A8CA-4815-A463-9041B5D767D4}.Release|Any CPU.ActiveCfg = Release|Any CPU
		{47A371C3-A8CA-4815-A463-9041B5D767D4}.Release|Any CPU.Build.0 = Release|Any CPU
		{871B024D-1692-411C-9EBF-B379869EA9E3}.Debug|Any CPU.ActiveCfg = Debug|Any CPU
		{871B024D-1692-411C-9EBF-B379869EA9E3}.Debug|Any CPU.Build.0 = Debug|Any CPU
		{871B024D-1692-411C-9EBF-B379869EA9E3}.Release|Any CPU.ActiveCfg = Release|Any CPU
		{871B024D-1692-411C-9EBF-B379869EA9E3}.Release|Any CPU.Build.0 = Release|Any CPU
		{5B8E6820-0DEF-49F8-9243-B78E9A27CD0E}.Debug|Any CPU.ActiveCfg = Debug|Any CPU
		{5B8E6820-0DEF-49F8-9243-B78E9A27CD0E}.Debug|Any CPU.Build.0 = Debug|Any CPU
		{5B8E6820-0DEF-49F8-9243-B78E9A27CD0E}.Release|Any CPU.ActiveCfg = Release|Any CPU
		{5B8E6820-0DEF-49F8-9243-B78E9A27CD0E}.Release|Any CPU.Build.0 = Release|Any CPU
		{3E86442A-E7EB-4FE3-B94B-60E3D42624D9}.Debug|Any CPU.ActiveCfg = Debug|Any CPU
		{3E86442A-E7EB-4FE3-B94B-60E3D42624D9}.Debug|Any CPU.Build.0 = Debug|Any CPU
		{3E86442A-E7EB-4FE3-B94B-60E3D42624D9}.Release|Any CPU.ActiveCfg = Release|Any CPU
		{3E86442A-E7EB-4FE3-B94B-60E3D42624D9}.Release|Any CPU.Build.0 = Release|Any CPU
		{03F0F068-11FE-4A94-949F-76FB2573C2E7}.Debug|Any CPU.ActiveCfg = Debug|Any CPU
		{03F0F068-11FE-4A94-949F-76FB2573C2E7}.Debug|Any CPU.Build.0 = Debug|Any CPU
		{03F0F068-11FE-4A94-949F-76FB2573C2E7}.Release|Any CPU.ActiveCfg = Release|Any CPU
		{03F0F068-11FE-4A94-949F-76FB2573C2E7}.Release|Any CPU.Build.0 = Release|Any CPU
		{BAF36787-881E-4690-86FA-1031BAF8412E}.Debug|Any CPU.ActiveCfg = Debug|Any CPU
		{BAF36787-881E-4690-86FA-1031BAF8412E}.Debug|Any CPU.Build.0 = Debug|Any CPU
		{BAF36787-881E-4690-86FA-1031BAF8412E}.Release|Any CPU.ActiveCfg = Release|Any CPU
		{BAF36787-881E-4690-86FA-1031BAF8412E}.Release|Any CPU.Build.0 = Release|Any CPU
		{BD231BBE-C09C-4BC8-AD4A-51B0DB1CDFB4}.Debug|Any CPU.ActiveCfg = Debug|Any CPU
		{BD231BBE-C09C-4BC8-AD4A-51B0DB1CDFB4}.Debug|Any CPU.Build.0 = Debug|Any CPU
		{BD231BBE-C09C-4BC8-AD4A-51B0DB1CDFB4}.Release|Any CPU.ActiveCfg = Release|Any CPU
		{BD231BBE-C09C-4BC8-AD4A-51B0DB1CDFB4}.Release|Any CPU.Build.0 = Release|Any CPU
		{7D4E10ED-AFD8-49E0-8025-EC31912C467F}.Debug|Any CPU.ActiveCfg = Debug|Any CPU
		{7D4E10ED-AFD8-49E0-8025-EC31912C467F}.Debug|Any CPU.Build.0 = Debug|Any CPU
		{7D4E10ED-AFD8-49E0-8025-EC31912C467F}.Release|Any CPU.ActiveCfg = Release|Any CPU
		{7D4E10ED-AFD8-49E0-8025-EC31912C467F}.Release|Any CPU.Build.0 = Release|Any CPU
		{6A29C8DB-7D1D-48C9-BD70-FF5331A44ED6}.Debug|Any CPU.ActiveCfg = Debug|Any CPU
		{6A29C8DB-7D1D-48C9-BD70-FF5331A44ED6}.Debug|Any CPU.Build.0 = Debug|Any CPU
		{6A29C8DB-7D1D-48C9-BD70-FF5331A44ED6}.Release|Any CPU.ActiveCfg = Release|Any CPU
		{6A29C8DB-7D1D-48C9-BD70-FF5331A44ED6}.Release|Any CPU.Build.0 = Release|Any CPU
		{2AA15FF3-1FFB-4F2E-9616-A83EA18522E0}.Debug|Any CPU.ActiveCfg = Debug|Any CPU
		{2AA15FF3-1FFB-4F2E-9616-A83EA18522E0}.Debug|Any CPU.Build.0 = Debug|Any CPU
		{2AA15FF3-1FFB-4F2E-9616-A83EA18522E0}.Release|Any CPU.ActiveCfg = Release|Any CPU
		{2AA15FF3-1FFB-4F2E-9616-A83EA18522E0}.Release|Any CPU.Build.0 = Release|Any CPU
		{58CB8B8A-F15F-4B33-BC98-DF972FB09056}.Debug|Any CPU.ActiveCfg = Debug|Any CPU
		{58CB8B8A-F15F-4B33-BC98-DF972FB09056}.Debug|Any CPU.Build.0 = Debug|Any CPU
		{58CB8B8A-F15F-4B33-BC98-DF972FB09056}.Release|Any CPU.ActiveCfg = Release|Any CPU
		{58CB8B8A-F15F-4B33-BC98-DF972FB09056}.Release|Any CPU.Build.0 = Release|Any CPU
		{3E707BBE-DF39-4CA4-8951-735D7CACE6E0}.Debug|Any CPU.ActiveCfg = Debug|Any CPU
		{3E707BBE-DF39-4CA4-8951-735D7CACE6E0}.Debug|Any CPU.Build.0 = Debug|Any CPU
		{3E707BBE-DF39-4CA4-8951-735D7CACE6E0}.Release|Any CPU.ActiveCfg = Release|Any CPU
		{3E707BBE-DF39-4CA4-8951-735D7CACE6E0}.Release|Any CPU.Build.0 = Release|Any CPU
		{4D4B77B7-7BED-4C9F-A801-AB0D050F4DD8}.Debug|Any CPU.ActiveCfg = Debug|Any CPU
		{4D4B77B7-7BED-4C9F-A801-AB0D050F4DD8}.Debug|Any CPU.Build.0 = Debug|Any CPU
		{4D4B77B7-7BED-4C9F-A801-AB0D050F4DD8}.Release|Any CPU.ActiveCfg = Release|Any CPU
		{4D4B77B7-7BED-4C9F-A801-AB0D050F4DD8}.Release|Any CPU.Build.0 = Release|Any CPU
		{266950C8-1B70-43FD-AE93-1CE8287BEDF4}.Debug|Any CPU.ActiveCfg = Debug|Any CPU
		{266950C8-1B70-43FD-AE93-1CE8287BEDF4}.Debug|Any CPU.Build.0 = Debug|Any CPU
		{266950C8-1B70-43FD-AE93-1CE8287BEDF4}.Release|Any CPU.ActiveCfg = Release|Any CPU
		{266950C8-1B70-43FD-AE93-1CE8287BEDF4}.Release|Any CPU.Build.0 = Release|Any CPU
		{BAD856CF-F36E-4072-9C68-DFCF47A4EABE}.Debug|Any CPU.ActiveCfg = Debug|Any CPU
		{BAD856CF-F36E-4072-9C68-DFCF47A4EABE}.Debug|Any CPU.Build.0 = Debug|Any CPU
		{BAD856CF-F36E-4072-9C68-DFCF47A4EABE}.Release|Any CPU.ActiveCfg = Release|Any CPU
		{BAD856CF-F36E-4072-9C68-DFCF47A4EABE}.Release|Any CPU.Build.0 = Release|Any CPU
		{5FA93AFF-2189-4A96-BF13-A75DC126DD11}.Debug|Any CPU.ActiveCfg = Debug|Any CPU
		{5FA93AFF-2189-4A96-BF13-A75DC126DD11}.Debug|Any CPU.Build.0 = Debug|Any CPU
		{5FA93AFF-2189-4A96-BF13-A75DC126DD11}.Release|Any CPU.ActiveCfg = Release|Any CPU
		{5FA93AFF-2189-4A96-BF13-A75DC126DD11}.Release|Any CPU.Build.0 = Release|Any CPU
		{D63C9F25-F716-4CCB-A4EC-69C2D2EFF733}.Debug|Any CPU.ActiveCfg = Debug|Any CPU
		{D63C9F25-F716-4CCB-A4EC-69C2D2EFF733}.Debug|Any CPU.Build.0 = Debug|Any CPU
		{D63C9F25-F716-4CCB-A4EC-69C2D2EFF733}.Release|Any CPU.ActiveCfg = Release|Any CPU
		{D63C9F25-F716-4CCB-A4EC-69C2D2EFF733}.Release|Any CPU.Build.0 = Release|Any CPU
		{C96FF282-6964-46F4-9654-62F410F22E78}.Debug|Any CPU.ActiveCfg = Debug|Any CPU
		{C96FF282-6964-46F4-9654-62F410F22E78}.Debug|Any CPU.Build.0 = Debug|Any CPU
		{C96FF282-6964-46F4-9654-62F410F22E78}.Release|Any CPU.ActiveCfg = Release|Any CPU
		{C96FF282-6964-46F4-9654-62F410F22E78}.Release|Any CPU.Build.0 = Release|Any CPU
		{01FDF657-C856-4BE1-AA31-C3E1C7FE6F62}.Debug|Any CPU.ActiveCfg = Debug|Any CPU
		{01FDF657-C856-4BE1-AA31-C3E1C7FE6F62}.Debug|Any CPU.Build.0 = Debug|Any CPU
		{01FDF657-C856-4BE1-AA31-C3E1C7FE6F62}.Release|Any CPU.ActiveCfg = Release|Any CPU
		{01FDF657-C856-4BE1-AA31-C3E1C7FE6F62}.Release|Any CPU.Build.0 = Release|Any CPU
	EndGlobalSection
	GlobalSection(SolutionProperties) = preSolution
		HideSolutionNode = FALSE
	EndGlobalSection
	GlobalSection(ExtensibilityGlobals) = postSolution
		SolutionGuid = {EDD9C2AC-9175-4C37-B955-E95A9EEA5D53}
	EndGlobalSection
EndGlobal
