
Microsoft Visual Studio Solution File, Format Version 12.00
# Visual Studio Version 17
VisualStudioVersion = 17.2.32602.215
MinimumVisualStudioVersion = 10.0.40219.1
Project("{FAE04EC0-301F-11D3-BF4B-00C04F79EFBC}") = "Programa 1", "Programa 1\Programa 1.csproj", "{47A371C3-A8CA-4815-A463-9041B5D767D4}"
EndProject
Project("{FAE04EC0-301F-11D3-BF4B-00C04F79EFBC}") = "Textbox para cadenas", "Textbox para cadenas\Textbox para cadenas.csproj", "{871B024D-1692-411C-9EBF-B379869EA9E3}"
EndProject
Project("{FAE04EC0-301F-11D3-BF4B-00C04F79EFBC}") = "Textbox para numeros", "Textbox para numeros\Textbox para numeros.csproj", "{5B8E6820-0DEF-49F8-9243-B78E9A27CD0E}"
EndProject
Project("{FAE04EC0-301F-11D3-BF4B-00C04F79EFBC}") = "CheckBox y MessageBox", "CheckBox y MessageBox\CheckBox y MessageBox.csproj", "{3E86442A-E7EB-4FE3-B94B-60E3D42624D9}"
EndProject
Project("{FAE04EC0-301F-11D3-BF4B-00C04F79EFBC}") = "Radiobutton y Groupbox", "Radiobutton y Groupbox\Radiobutton y Groupbox.csproj", "{03F0F068-11FE-4A94-949F-76FB2573C2E7}"
EndProject
Global
	GlobalSection(SolutionConfigurationPlatforms) = preSolution
		Debug|Any CPU = Debug|Any CPU
		Release|Any CPU = Release|Any CPU
	EndGlobalSection
	GlobalSection(ProjectConfigurationPlatforms) = postSolution
		{47A371C3-A8CA-4815-A463-9041B5D767D4}.Debug|Any CPU.ActiveCfg = Debug|Any CPU
		{47A371C3-A8CA-4815-A463-9041B5D767D4}.Debug|Any CPU.Build.0 = Debug|Any CPU
		{47A371C3-A8CA-4815-A463-9041B5D767D4}.Release|Any CPU.ActiveCfg = Release|Any CPU
		{47A371C3-A8CA-4815-A463-9041B5D767D4}.Release|Any CPU.Build.0 = Release|Any CPU
		{871B024D-1692-411C-9EBF-B379869EA9E3}.Debug|Any CPU.ActiveCfg = Debug|Any CPU
		{871B024D-1692-411C-9EBF-B379869EA9E3}.Debug|Any CPU.Build.0 = Debug|Any CPU
		{871B024D-1692-411C-9EBF-B379869EA9E3}.Release|Any CPU.ActiveCfg = Release|Any CPU
		{871B024D-1692-411C-9EBF-B379869EA9E3}.Release|Any CPU.Build.0 = Release|Any CPU
		{5B8E6820-0DEF-49F8-9243-B78E9A27CD0E}.Debug|Any CPU.ActiveCfg = Debug|Any CPU
		{5B8E6820-0DEF-49F8-9243-B78E9A27CD0E}.Debug|Any CPU.Build.0 = Debug|Any CPU
		{5B8E6820-0DEF-49F8-9243-B78E9A27CD0E}.Release|Any CPU.ActiveCfg = Release|Any CPU
		{5B8E6820-0DEF-49F8-9243-B78E9A27CD0E}.Release|Any CPU.Build.0 = Release|Any CPU
		{3E86442A-E7EB-4FE3-B94B-60E3D42624D9}.Debug|Any CPU.ActiveCfg = Debug|Any CPU
		{3E86442A-E7EB-4FE3-B94B-60E3D42624D9}.Debug|Any CPU.Build.0 = Debug|Any CPU
		{3E86442A-E7EB-4FE3-B94B-60E3D42624D9}.Release|Any CPU.ActiveCfg = Release|Any CPU
		{3E86442A-E7EB-4FE3-B94B-60E3D42624D9}.Release|Any CPU.Build.0 = Release|Any CPU
		{03F0F068-11FE-4A94-949F-76FB2573C2E7}.Debug|Any CPU.ActiveCfg = Debug|Any CPU
		{03F0F068-11FE-4A94-949F-76FB2573C2E7}.Debug|Any CPU.Build.0 = Debug|Any CPU
		{03F0F068-11FE-4A94-949F-76FB2573C2E7}.Release|Any CPU.ActiveCfg = Release|Any CPU
		{03F0F068-11FE-4A94-949F-76FB2573C2E7}.Release|Any CPU.Build.0 = Release|Any CPU
	EndGlobalSection
	GlobalSection(SolutionProperties) = preSolution
		HideSolutionNode = FALSE
	EndGlobalSection
	GlobalSection(ExtensibilityGlobals) = postSolution
		SolutionGuid = {EDD9C2AC-9175-4C37-B955-E95A9EEA5D53}
	EndGlobalSection
EndGlobal
